{
  "name": "kabang",
  "lockfileVersion": 3,
  "requires": true,
  "packages": {
    "": {
      "dependencies": {
        "keycloak-js": "^26.2.1"
      }
    },
    "node_modules/keycloak-js": {
      "version": "26.2.1",
      "resolved": "https://registry.npmjs.org/keycloak-js/-/keycloak-js-26.2.1.tgz",
      "integrity": "sha512-bZt6fQj/TLBAmivXSxSlqAJxBx/knNZDQGJIW4ensGYGN4N6tUKV8Zj3Y7/LOV8eIpvWsvqV70fbACihK8Ze0Q==",
      "license": "Apache-2.0",
      "workspaces": [
        "test"
      ]
    }
  }
}
